
Microsoft Visual Studio Solution File, Format Version 12.00
# Visual Studio Version 16
VisualStudioVersion = 16.0.29806.167
MinimumVisualStudioVersion = 10.0.40219.1
Project("{9A19103F-16F7-4668-BE54-9A1E7A4F7556}") = "Cofim.Common", "Cofim.Common\Cofim.Common.csproj", "{34EE5C81-7EF1-4E50-A407-DCC2AFA6E869}"
EndProject
Project("{9A19103F-16F7-4668-BE54-9A1E7A4F7556}") = "Cofim.Web", "Cofim.Web\Cofim.Web.csproj", "{22F0A7C2-63CD-4EEA-A535-41EEA9A75161}"
EndProject
Project("{FAE04EC0-301F-11D3-BF4B-00C04F79EFBC}") = "Cofim.App", "Cofim.App\Cofim.App\Cofim.App.csproj", "{B836FBB0-9A1D-47CE-8B74-6D91F6E2DAFB}"
EndProject
Project("{FAE04EC0-301F-11D3-BF4B-00C04F79EFBC}") = "Cofim.App.Android", "Cofim.App\Cofim.App.Android\Cofim.App.Android.csproj", "{840A8183-C98C-421D-8C8A-ABCB5C63BAF7}"
EndProject
Project("{FAE04EC0-301F-11D3-BF4B-00C04F79EFBC}") = "Cofim.App.iOS", "Cofim.App\Cofim.App.iOS\Cofim.App.iOS.csproj", "{E4417DAC-DCB2-49DA-8E37-3FB6421608B0}"
EndProject
Global
	GlobalSection(SolutionConfigurationPlatforms) = preSolution
		Ad-Hoc|Any CPU = Ad-Hoc|Any CPU
		Ad-Hoc|iPhone = Ad-Hoc|iPhone
		Ad-Hoc|iPhoneSimulator = Ad-Hoc|iPhoneSimulator
		AppStore|Any CPU = AppStore|Any CPU
		AppStore|iPhone = AppStore|iPhone
		AppStore|iPhoneSimulator = AppStore|iPhoneSimulator
		Debug|Any CPU = Debug|Any CPU
		Debug|iPhone = Debug|iPhone
		Debug|iPhoneSimulator = Debug|iPhoneSimulator
		Release|Any CPU = Release|Any CPU
		Release|iPhone = Release|iPhone
		Release|iPhoneSimulator = Release|iPhoneSimulator
	EndGlobalSection
	GlobalSection(ProjectConfigurationPlatforms) = postSolution
		{34EE5C81-7EF1-4E50-A407-DCC2AFA6E869}.Ad-Hoc|Any CPU.ActiveCfg = Release|Any CPU
		{34EE5C81-7EF1-4E50-A407-DCC2AFA6E869}.Ad-Hoc|Any CPU.Build.0 = Release|Any CPU
		{34EE5C81-7EF1-4E50-A407-DCC2AFA6E869}.Ad-Hoc|iPhone.ActiveCfg = Release|Any CPU
		{34EE5C81-7EF1-4E50-A407-DCC2AFA6E869}.Ad-Hoc|iPhone.Build.0 = Release|Any CPU
		{34EE5C81-7EF1-4E50-A407-DCC2AFA6E869}.Ad-Hoc|iPhoneSimulator.ActiveCfg = Release|Any CPU
		{34EE5C81-7EF1-4E50-A407-DCC2AFA6E869}.Ad-Hoc|iPhoneSimulator.Build.0 = Release|Any CPU
		{34EE5C81-7EF1-4E50-A407-DCC2AFA6E869}.AppStore|Any CPU.ActiveCfg = Release|Any CPU
		{34EE5C81-7EF1-4E50-A407-DCC2AFA6E869}.AppStore|Any CPU.Build.0 = Release|Any CPU
		{34EE5C81-7EF1-4E50-A407-DCC2AFA6E869}.AppStore|iPhone.ActiveCfg = Release|Any CPU
		{34EE5C81-7EF1-4E50-A407-DCC2AFA6E869}.AppStore|iPhone.Build.0 = Release|Any CPU
		{34EE5C81-7EF1-4E50-A407-DCC2AFA6E869}.AppStore|iPhoneSimulator.ActiveCfg = Release|Any CPU
		{34EE5C81-7EF1-4E50-A407-DCC2AFA6E869}.AppStore|iPhoneSimulator.Build.0 = Release|Any CPU
		{34EE5C81-7EF1-4E50-A407-DCC2AFA6E869}.Debug|Any CPU.ActiveCfg = Debug|Any CPU
		{34EE5C81-7EF1-4E50-A407-DCC2AFA6E869}.Debug|Any CPU.Build.0 = Debug|Any CPU
		{34EE5C81-7EF1-4E50-A407-DCC2AFA6E869}.Debug|iPhone.ActiveCfg = Debug|Any CPU
		{34EE5C81-7EF1-4E50-A407-DCC2AFA6E869}.Debug|iPhone.Build.0 = Debug|Any CPU
		{34EE5C81-7EF1-4E50-A407-DCC2AFA6E869}.Debug|iPhoneSimulator.ActiveCfg = Debug|Any CPU
		{34EE5C81-7EF1-4E50-A407-DCC2AFA6E869}.Debug|iPhoneSimulator.Build.0 = Debug|Any CPU
		{34EE5C81-7EF1-4E50-A407-DCC2AFA6E869}.Release|Any CPU.ActiveCfg = Release|Any CPU
		{34EE5C81-7EF1-4E50-A407-DCC2AFA6E869}.Release|Any CPU.Build.0 = Release|Any CPU
		{34EE5C81-7EF1-4E50-A407-DCC2AFA6E869}.Release|iPhone.ActiveCfg = Release|Any CPU
		{34EE5C81-7EF1-4E50-A407-DCC2AFA6E869}.Release|iPhone.Build.0 = Release|Any CPU
		{34EE5C81-7EF1-4E50-A407-DCC2AFA6E869}.Release|iPhoneSimulator.ActiveCfg = Release|Any CPU
		{34EE5C81-7EF1-4E50-A407-DCC2AFA6E869}.Release|iPhoneSimulator.Build.0 = Release|Any CPU
		{22F0A7C2-63CD-4EEA-A535-41EEA9A75161}.Ad-Hoc|Any CPU.ActiveCfg = Release|Any CPU
		{22F0A7C2-63CD-4EEA-A535-41EEA9A75161}.Ad-Hoc|Any CPU.Build.0 = Release|Any CPU
		{22F0A7C2-63CD-4EEA-A535-41EEA9A75161}.Ad-Hoc|iPhone.ActiveCfg = Release|Any CPU
		{22F0A7C2-63CD-4EEA-A535-41EEA9A75161}.Ad-Hoc|iPhone.Build.0 = Release|Any CPU
		{22F0A7C2-63CD-4EEA-A535-41EEA9A75161}.Ad-Hoc|iPhoneSimulator.ActiveCfg = Release|Any CPU
		{22F0A7C2-63CD-4EEA-A535-41EEA9A75161}.Ad-Hoc|iPhoneSimulator.Build.0 = Release|Any CPU
		{22F0A7C2-63CD-4EEA-A535-41EEA9A75161}.AppStore|Any CPU.ActiveCfg = Release|Any CPU
		{22F0A7C2-63CD-4EEA-A535-41EEA9A75161}.AppStore|Any CPU.Build.0 = Release|Any CPU
		{22F0A7C2-63CD-4EEA-A535-41EEA9A75161}.AppStore|iPhone.ActiveCfg = Release|Any CPU
		{22F0A7C2-63CD-4EEA-A535-41EEA9A75161}.AppStore|iPhone.Build.0 = Release|Any CPU
		{22F0A7C2-63CD-4EEA-A535-41EEA9A75161}.AppStore|iPhoneSimulator.ActiveCfg = Release|Any CPU
		{22F0A7C2-63CD-4EEA-A535-41EEA9A75161}.AppStore|iPhoneSimulator.Build.0 = Release|Any CPU
		{22F0A7C2-63CD-4EEA-A535-41EEA9A75161}.Debug|Any CPU.ActiveCfg = Debug|Any CPU
		{22F0A7C2-63CD-4EEA-A535-41EEA9A75161}.Debug|Any CPU.Build.0 = Debug|Any CPU
		{22F0A7C2-63CD-4EEA-A535-41EEA9A75161}.Debug|iPhone.ActiveCfg = Debug|Any CPU
		{22F0A7C2-63CD-4EEA-A535-41EEA9A75161}.Debug|iPhone.Build.0 = Debug|Any CPU
		{22F0A7C2-63CD-4EEA-A535-41EEA9A75161}.Debug|iPhoneSimulator.ActiveCfg = Debug|Any CPU
		{22F0A7C2-63CD-4EEA-A535-41EEA9A75161}.Debug|iPhoneSimulator.Build.0 = Debug|Any CPU
		{22F0A7C2-63CD-4EEA-A535-41EEA9A75161}.Release|Any CPU.ActiveCfg = Release|Any CPU
		{22F0A7C2-63CD-4EEA-A535-41EEA9A75161}.Release|Any CPU.Build.0 = Release|Any CPU
		{22F0A7C2-63CD-4EEA-A535-41EEA9A75161}.Release|iPhone.ActiveCfg = Release|Any CPU
		{22F0A7C2-63CD-4EEA-A535-41EEA9A75161}.Release|iPhone.Build.0 = Release|Any CPU
		{22F0A7C2-63CD-4EEA-A535-41EEA9A75161}.Release|iPhoneSimulator.ActiveCfg = Release|Any CPU
		{22F0A7C2-63CD-4EEA-A535-41EEA9A75161}.Release|iPhoneSimulator.Build.0 = Release|Any CPU
		{B836FBB0-9A1D-47CE-8B74-6D91F6E2DAFB}.Ad-Hoc|Any CPU.ActiveCfg = Debug|Any CPU
		{B836FBB0-9A1D-47CE-8B74-6D91F6E2DAFB}.Ad-Hoc|Any CPU.Build.0 = Debug|Any CPU
		{B836FBB0-9A1D-47CE-8B74-6D91F6E2DAFB}.Ad-Hoc|iPhone.ActiveCfg = Debug|Any CPU
		{B836FBB0-9A1D-47CE-8B74-6D91F6E2DAFB}.Ad-Hoc|iPhone.Build.0 = Debug|Any CPU
		{B836FBB0-9A1D-47CE-8B74-6D91F6E2DAFB}.Ad-Hoc|iPhoneSimulator.ActiveCfg = Debug|Any CPU
		{B836FBB0-9A1D-47CE-8B74-6D91F6E2DAFB}.Ad-Hoc|iPhoneSimulator.Build.0 = Debug|Any CPU
		{B836FBB0-9A1D-47CE-8B74-6D91F6E2DAFB}.AppStore|Any CPU.ActiveCfg = Debug|Any CPU
		{B836FBB0-9A1D-47CE-8B74-6D91F6E2DAFB}.AppStore|Any CPU.Build.0 = Debug|Any CPU
		{B836FBB0-9A1D-47CE-8B74-6D91F6E2DAFB}.AppStore|iPhone.ActiveCfg = Debug|Any CPU
		{B836FBB0-9A1D-47CE-8B74-6D91F6E2DAFB}.AppStore|iPhone.Build.0 = Debug|Any CPU
		{B836FBB0-9A1D-47CE-8B74-6D91F6E2DAFB}.AppStore|iPhoneSimulator.ActiveCfg = Debug|Any CPU
		{B836FBB0-9A1D-47CE-8B74-6D91F6E2DAFB}.AppStore|iPhoneSimulator.Build.0 = Debug|Any CPU
		{B836FBB0-9A1D-47CE-8B74-6D91F6E2DAFB}.Debug|Any CPU.ActiveCfg = Debug|Any CPU
		{B836FBB0-9A1D-47CE-8B74-6D91F6E2DAFB}.Debug|Any CPU.Build.0 = Debug|Any CPU
		{B836FBB0-9A1D-47CE-8B74-6D91F6E2DAFB}.Debug|iPhone.ActiveCfg = Debug|Any CPU
		{B836FBB0-9A1D-47CE-8B74-6D91F6E2DAFB}.Debug|iPhone.Build.0 = Debug|Any CPU
		{B836FBB0-9A1D-47CE-8B74-6D91F6E2DAFB}.Debug|iPhoneSimulator.ActiveCfg = Debug|Any CPU
		{B836FBB0-9A1D-47CE-8B74-6D91F6E2DAFB}.Debug|iPhoneSimulator.Build.0 = Debug|Any CPU
		{B836FBB0-9A1D-47CE-8B74-6D91F6E2DAFB}.Release|Any CPU.ActiveCfg = Release|Any CPU
		{B836FBB0-9A1D-47CE-8B74-6D91F6E2DAFB}.Release|Any CPU.Build.0 = Release|Any CPU
		{B836FBB0-9A1D-47CE-8B74-6D91F6E2DAFB}.Release|iPhone.ActiveCfg = Release|Any CPU
		{B836FBB0-9A1D-47CE-8B74-6D91F6E2DAFB}.Release|iPhone.Build.0 = Release|Any CPU
		{B836FBB0-9A1D-47CE-8B74-6D91F6E2DAFB}.Release|iPhoneSimulator.ActiveCfg = Release|Any CPU
		{B836FBB0-9A1D-47CE-8B74-6D91F6E2DAFB}.Release|iPhoneSimulator.Build.0 = Release|Any CPU
		{840A8183-C98C-421D-8C8A-ABCB5C63BAF7}.Ad-Hoc|Any CPU.ActiveCfg = Release|Any CPU
		{840A8183-C98C-421D-8C8A-ABCB5C63BAF7}.Ad-Hoc|Any CPU.Build.0 = Release|Any CPU
		{840A8183-C98C-421D-8C8A-ABCB5C63BAF7}.Ad-Hoc|Any CPU.Deploy.0 = Release|Any CPU
		{840A8183-C98C-421D-8C8A-ABCB5C63BAF7}.Ad-Hoc|iPhone.ActiveCfg = Release|Any CPU
		{840A8183-C98C-421D-8C8A-ABCB5C63BAF7}.Ad-Hoc|iPhone.Build.0 = Release|Any CPU
		{840A8183-C98C-421D-8C8A-ABCB5C63BAF7}.Ad-Hoc|iPhone.Deploy.0 = Release|Any CPU
		{840A8183-C98C-421D-8C8A-ABCB5C63BAF7}.Ad-Hoc|iPhoneSimulator.ActiveCfg = Release|Any CPU
		{840A8183-C98C-421D-8C8A-ABCB5C63BAF7}.Ad-Hoc|iPhoneSimulator.Build.0 = Release|Any CPU
		{840A8183-C98C-421D-8C8A-ABCB5C63BAF7}.Ad-Hoc|iPhoneSimulator.Deploy.0 = Release|Any CPU
		{840A8183-C98C-421D-8C8A-ABCB5C63BAF7}.AppStore|Any CPU.ActiveCfg = Release|Any CPU
		{840A8183-C98C-421D-8C8A-ABCB5C63BAF7}.AppStore|Any CPU.Build.0 = Release|Any CPU
		{840A8183-C98C-421D-8C8A-ABCB5C63BAF7}.AppStore|Any CPU.Deploy.0 = Release|Any CPU
		{840A8183-C98C-421D-8C8A-ABCB5C63BAF7}.AppStore|iPhone.ActiveCfg = Release|Any CPU
		{840A8183-C98C-421D-8C8A-ABCB5C63BAF7}.AppStore|iPhone.Build.0 = Release|Any CPU
		{840A8183-C98C-421D-8C8A-ABCB5C63BAF7}.AppStore|iPhone.Deploy.0 = Release|Any CPU
		{840A8183-C98C-421D-8C8A-ABCB5C63BAF7}.AppStore|iPhoneSimulator.ActiveCfg = Release|Any CPU
		{840A8183-C98C-421D-8C8A-ABCB5C63BAF7}.AppStore|iPhoneSimulator.Build.0 = Release|Any CPU
		{840A8183-C98C-421D-8C8A-ABCB5C63BAF7}.AppStore|iPhoneSimulator.Deploy.0 = Release|Any CPU
		{840A8183-C98C-421D-8C8A-ABCB5C63BAF7}.Debug|Any CPU.ActiveCfg = Debug|Any CPU
		{840A8183-C98C-421D-8C8A-ABCB5C63BAF7}.Debug|Any CPU.Build.0 = Debug|Any CPU
		{840A8183-C98C-421D-8C8A-ABCB5C63BAF7}.Debug|Any CPU.Deploy.0 = Debug|Any CPU
		{840A8183-C98C-421D-8C8A-ABCB5C63BAF7}.Debug|iPhone.ActiveCfg = Debug|Any CPU
		{840A8183-C98C-421D-8C8A-ABCB5C63BAF7}.Debug|iPhone.Build.0 = Debug|Any CPU
		{840A8183-C98C-421D-8C8A-ABCB5C63BAF7}.Debug|iPhone.Deploy.0 = Debug|Any CPU
		{840A8183-C98C-421D-8C8A-ABCB5C63BAF7}.Debug|iPhoneSimulator.ActiveCfg = Debug|Any CPU
		{840A8183-C98C-421D-8C8A-ABCB5C63BAF7}.Debug|iPhoneSimulator.Build.0 = Debug|Any CPU
		{840A8183-C98C-421D-8C8A-ABCB5C63BAF7}.Debug|iPhoneSimulator.Deploy.0 = Debug|Any CPU
		{840A8183-C98C-421D-8C8A-ABCB5C63BAF7}.Release|Any CPU.ActiveCfg = Release|Any CPU
		{840A8183-C98C-421D-8C8A-ABCB5C63BAF7}.Release|Any CPU.Build.0 = Release|Any CPU
		{840A8183-C98C-421D-8C8A-ABCB5C63BAF7}.Release|Any CPU.Deploy.0 = Release|Any CPU
		{840A8183-C98C-421D-8C8A-ABCB5C63BAF7}.Release|iPhone.ActiveCfg = Release|Any CPU
		{840A8183-C98C-421D-8C8A-ABCB5C63BAF7}.Release|iPhone.Build.0 = Release|Any CPU
		{840A8183-C98C-421D-8C8A-ABCB5C63BAF7}.Release|iPhone.Deploy.0 = Release|Any CPU
		{840A8183-C98C-421D-8C8A-ABCB5C63BAF7}.Release|iPhoneSimulator.ActiveCfg = Release|Any CPU
		{840A8183-C98C-421D-8C8A-ABCB5C63BAF7}.Release|iPhoneSimulator.Build.0 = Release|Any CPU
		{840A8183-C98C-421D-8C8A-ABCB5C63BAF7}.Release|iPhoneSimulator.Deploy.0 = Release|Any CPU
		{E4417DAC-DCB2-49DA-8E37-3FB6421608B0}.Ad-Hoc|Any CPU.ActiveCfg = Ad-Hoc|iPhone
		{E4417DAC-DCB2-49DA-8E37-3FB6421608B0}.Ad-Hoc|iPhone.ActiveCfg = Ad-Hoc|iPhone
		{E4417DAC-DCB2-49DA-8E37-3FB6421608B0}.Ad-Hoc|iPhone.Build.0 = Ad-Hoc|iPhone
		{E4417DAC-DCB2-49DA-8E37-3FB6421608B0}.Ad-Hoc|iPhoneSimulator.ActiveCfg = Ad-Hoc|iPhoneSimulator
		{E4417DAC-DCB2-49DA-8E37-3FB6421608B0}.Ad-Hoc|iPhoneSimulator.Build.0 = Ad-Hoc|iPhoneSimulator
		{E4417DAC-DCB2-49DA-8E37-3FB6421608B0}.AppStore|Any CPU.ActiveCfg = AppStore|iPhone
		{E4417DAC-DCB2-49DA-8E37-3FB6421608B0}.AppStore|iPhone.ActiveCfg = AppStore|iPhone
		{E4417DAC-DCB2-49DA-8E37-3FB6421608B0}.AppStore|iPhone.Build.0 = AppStore|iPhone
		{E4417DAC-DCB2-49DA-8E37-3FB6421608B0}.AppStore|iPhoneSimulator.ActiveCfg = AppStore|iPhoneSimulator
		{E4417DAC-DCB2-49DA-8E37-3FB6421608B0}.AppStore|iPhoneSimulator.Build.0 = AppStore|iPhoneSimulator
		{E4417DAC-DCB2-49DA-8E37-3FB6421608B0}.Debug|Any CPU.ActiveCfg = Debug|iPhone
		{E4417DAC-DCB2-49DA-8E37-3FB6421608B0}.Debug|iPhone.ActiveCfg = Debug|iPhone
		{E4417DAC-DCB2-49DA-8E37-3FB6421608B0}.Debug|iPhone.Build.0 = Debug|iPhone
		{E4417DAC-DCB2-49DA-8E37-3FB6421608B0}.Debug|iPhoneSimulator.ActiveCfg = Debug|iPhoneSimulator
		{E4417DAC-DCB2-49DA-8E37-3FB6421608B0}.Debug|iPhoneSimulator.Build.0 = Debug|iPhoneSimulator
		{E4417DAC-DCB2-49DA-8E37-3FB6421608B0}.Release|Any CPU.ActiveCfg = Release|iPhone
		{E4417DAC-DCB2-49DA-8E37-3FB6421608B0}.Release|iPhone.ActiveCfg = Release|iPhone
		{E4417DAC-DCB2-49DA-8E37-3FB6421608B0}.Release|iPhone.Build.0 = Release|iPhone
		{E4417DAC-DCB2-49DA-8E37-3FB6421608B0}.Release|iPhoneSimulator.ActiveCfg = Release|iPhoneSimulator
		{E4417DAC-DCB2-49DA-8E37-3FB6421608B0}.Release|iPhoneSimulator.Build.0 = Release|iPhoneSimulator
	EndGlobalSection
	GlobalSection(SolutionProperties) = preSolution
		HideSolutionNode = FALSE
	EndGlobalSection
	GlobalSection(ExtensibilityGlobals) = postSolution
		SolutionGuid = {3F355111-1F6C-4E88-805A-69B6C297FCCA}
	EndGlobalSection
EndGlobal
