
Microsoft Visual Studio Solution File, Format Version 12.00
# Visual Studio Version 16
VisualStudioVersion = 16.0.29806.167
MinimumVisualStudioVersion = 10.0.40219.1
Project("{9A19103F-16F7-4668-BE54-9A1E7A4F7556}") = "Cofim.Common", "Cofim.Common\Cofim.Common.csproj", "{34EE5C81-7EF1-4E50-A407-DCC2AFA6E869}"
EndProject
Project("{FAE04EC0-301F-11D3-BF4B-00C04F79EFBC}") = "Cofim.Web", "Cofim.Web\Cofim.Web.csproj", "{22F0A7C2-63CD-4EEA-A535-41EEA9A75161}"
EndProject
Global
	GlobalSection(SolutionConfigurationPlatforms) = preSolution
		Debug|Any CPU = Debug|Any CPU
		Release|Any CPU = Release|Any CPU
	EndGlobalSection
	GlobalSection(ProjectConfigurationPlatforms) = postSolution
		{34EE5C81-7EF1-4E50-A407-DCC2AFA6E869}.Debug|Any CPU.ActiveCfg = Debug|Any CPU
		{34EE5C81-7EF1-4E50-A407-DCC2AFA6E869}.Debug|Any CPU.Build.0 = Debug|Any CPU
		{34EE5C81-7EF1-4E50-A407-DCC2AFA6E869}.Release|Any CPU.ActiveCfg = Release|Any CPU
		{34EE5C81-7EF1-4E50-A407-DCC2AFA6E869}.Release|Any CPU.Build.0 = Release|Any CPU
		{22F0A7C2-63CD-4EEA-A535-41EEA9A75161}.Debug|Any CPU.ActiveCfg = Debug|Any CPU
		{22F0A7C2-63CD-4EEA-A535-41EEA9A75161}.Debug|Any CPU.Build.0 = Debug|Any CPU
		{22F0A7C2-63CD-4EEA-A535-41EEA9A75161}.Release|Any CPU.ActiveCfg = Release|Any CPU
		{22F0A7C2-63CD-4EEA-A535-41EEA9A75161}.Release|Any CPU.Build.0 = Release|Any CPU
	EndGlobalSection
	GlobalSection(SolutionProperties) = preSolution
		HideSolutionNode = FALSE
	EndGlobalSection
	GlobalSection(ExtensibilityGlobals) = postSolution
		SolutionGuid = {3F355111-1F6C-4E88-805A-69B6C297FCCA}
	EndGlobalSection
EndGlobal
